
Microsoft Visual Studio Solution File, Format Version 12.00
# Visual Studio Version 17
VisualStudioVersion = 17.9.34723.18
MinimumVisualStudioVersion = 10.0.40219.1
Project("{9A19103F-16F7-4668-BE54-9A1E7A4F7556}") = "Paradigmi.Enterprise.LibraryCatalogue", "Paradigmi.Enterprise.LibraryCatalogue\Paradigmi.Enterprise.LibraryCatalogue.csproj", "{B514A278-8527-4C73-9ED6-89D4292B711C}"
EndProject
Project("{FAE04EC0-301F-11D3-BF4B-00C04F79EFBC}") = "Paradigmi.Enterprise.Models", "Paradigmi.Enterprise.Models\Paradigmi.Enterprise.Models.csproj", "{9B3CBFB6-21AB-4C99-AB44-9A38DAF93980}"
EndProject
Global
	GlobalSection(SolutionConfigurationPlatforms) = preSolution
		Debug|Any CPU = Debug|Any CPU
		Release|Any CPU = Release|Any CPU
	EndGlobalSection
	GlobalSection(ProjectConfigurationPlatforms) = postSolution
		{B514A278-8527-4C73-9ED6-89D4292B711C}.Debug|Any CPU.ActiveCfg = Debug|Any CPU
		{B514A278-8527-4C73-9ED6-89D4292B711C}.Debug|Any CPU.Build.0 = Debug|Any CPU
		{B514A278-8527-4C73-9ED6-89D4292B711C}.Release|Any CPU.ActiveCfg = Release|Any CPU
		{B514A278-8527-4C73-9ED6-89D4292B711C}.Release|Any CPU.Build.0 = Release|Any CPU
		{9B3CBFB6-21AB-4C99-AB44-9A38DAF93980}.Debug|Any CPU.ActiveCfg = Debug|Any CPU
		{9B3CBFB6-21AB-4C99-AB44-9A38DAF93980}.Debug|Any CPU.Build.0 = Debug|Any CPU
		{9B3CBFB6-21AB-4C99-AB44-9A38DAF93980}.Release|Any CPU.ActiveCfg = Release|Any CPU
		{9B3CBFB6-21AB-4C99-AB44-9A38DAF93980}.Release|Any CPU.Build.0 = Release|Any CPU
	EndGlobalSection
	GlobalSection(SolutionProperties) = preSolution
		HideSolutionNode = FALSE
	EndGlobalSection
	GlobalSection(ExtensibilityGlobals) = postSolution
		SolutionGuid = {40A67438-78DF-470E-B636-F9AA78E587BF}
	EndGlobalSection
EndGlobal
